version = 1
revision = 1
requires-python = ">=3.10"

[[package]]
name = "beautifulsoup4"
version = "4.11.1"
source = { registry = "https://pypi.org/simple" }
dependencies = [
    { name = "soupsieve" },
]
sdist = { url = "https://files.pythonhosted.org/packages/e8/b0/cd2b968000577ec5ce6c741a54d846dfa402372369b8b6861720aa9ecea7/beautifulsoup4-4.11.1.tar.gz", hash = "sha256:ad9aa55b65ef2808eb405f46cf74df7fcb7044d5cbc26487f96eb2ef2e436693", size = 517113 }
wheels = [
    { url = "https://files.pythonhosted.org/packages/9c/d8/909c4089dbe4ade9f9705f143c9f13f065049a9d5e7d34c828aefdd0a97c/beautifulsoup4-4.11.1-py3-none-any.whl", hash = "sha256:58d5c3d29f5a36ffeb94f02f0d786cd53014cf9b3b3951d42e0080d8a9498d30", size = 128156 },
]

[[package]]
name = "certifi"
version = "2022.9.24"
source = { registry = "https://pypi.org/simple" }
sdist = { url = "https://files.pythonhosted.org/packages/cb/a4/7de7cd59e429bd0ee6521ba58a75adaec136d32f91a761b28a11d8088d44/certifi-2022.9.24.tar.gz", hash = "sha256:0d9c601124e5a6ba9712dbc60d9c53c21e34f5f641fe83002317394311bdce14", size = 162705 }
wheels = [
    { url = "https://files.pythonhosted.org/packages/1d/38/fa96a426e0c0e68aabc68e896584b83ad1eec779265a028e156ce509630e/certifi-2022.9.24-py3-none-any.whl", hash = "sha256:90c1a32f1d68f940488354e36370f6cca89f0f106db09518524c88d6ed83f382", size = 161120 },
]

[[package]]
name = "charset-normalizer"
version = "2.1.1"
source = { registry = "https://pypi.org/simple" }
sdist = { url = "https://files.pythonhosted.org/packages/a1/34/44964211e5410b051e4b8d2869c470ae8a68ae274953b1c7de6d98bbcf94/charset-normalizer-2.1.1.tar.gz", hash = "sha256:5a3d016c7c547f69d6f81fb0db9449ce888b418b5b9952cc5e6e66843e9dd845", size = 82360 }
wheels = [
    { url = "https://files.pythonhosted.org/packages/db/51/a507c856293ab05cdc1db77ff4bc1268ddd39f29e7dc4919aa497f0adbec/charset_normalizer-2.1.1-py3-none-any.whl", hash = "sha256:83e9a75d1911279afd89352c68b45348559d1fc0506b054b346651b5e7fee29f", size = 39748 },
]

[[package]]
name = "idna"
version = "3.4"
source = { registry = "https://pypi.org/simple" }
sdist = { url = "https://files.pythonhosted.org/packages/8b/e1/43beb3d38dba6cb420cefa297822eac205a277ab43e5ba5d5c46faf96438/idna-3.4.tar.gz", hash = "sha256:814f528e8dead7d329833b91c5faa87d60bf71824cd12a7530b5526063d02cb4", size = 183077 }
wheels = [
    { url = "https://files.pythonhosted.org/packages/fc/34/3030de6f1370931b9dbb4dad48f6ab1015ab1d32447850b9fc94e60097be/idna-3.4-py3-none-any.whl", hash = "sha256:90b77e79eaa3eba6de819a0c442c0b4ceefc341a7a2ab77d7562bf49f425c5c2", size = 61538 },
]

[[package]]
name = "lxml"
version = "4.9.1"
source = { registry = "https://pypi.org/simple" }
sdist = { url = "https://files.pythonhosted.org/packages/70/bb/7a2c7b4f8f434aa1ee801704bf08f1e53d7b5feba3d5313ab17003477808/lxml-4.9.1.tar.gz", hash = "sha256:fe749b052bb7233fe5d072fcb549221a8cb1a16725c47c37e42b0b9cb3ff2c3f", size = 3377628 }
wheels = [
    { url = "https://files.pythonhosted.org/packages/a7/cd/fb691d3278d42b4b7e28e3f7680cb40a54ec07f51464a2a7692a8968db91/lxml-4.9.1-cp310-cp310-manylinux_2_12_i686.manylinux2010_i686.manylinux_2_24_i686.whl", hash = "sha256:f9ced82717c7ec65a67667bb05865ffe38af0e835cdd78728f1209c8fffe0cad", size = 6991076 },
    { url = "https://files.pythonhosted.org/packages/a9/16/a48952dc5a0e878df77f79dd8b05feaa09dcf363301572a36709b2c5cc0f/lxml-4.9.1-cp310-cp310-manylinux_2_17_aarch64.manylinux2014_aarch64.manylinux_2_24_aarch64.whl", hash = "sha256:d9fc0bf3ff86c17348dfc5d322f627d78273eba545db865c3cd14b3f19e57fa5", size = 6575683 },
    { url = "https://files.pythonhosted.org/packages/39/dd/8d3588dface91674666c866dc4e3cd646c84a025e6b41ec0dc63be9ab347/lxml-4.9.1-cp310-cp310-manylinux_2_17_x86_64.manylinux2014_x86_64.manylinux_2_24_x86_64.whl", hash = "sha256:e5f66bdf0976ec667fc4594d2812a00b07ed14d1b44259d19a41ae3fff99f2b8", size = 6916296 },
    { url = "https://files.pythonhosted.org/packages/fa/09/c1416d4f6bd5aa26ce96da234df71521055bca0fa6a7c738d7494d6e42e8/lxml-4.9.1-cp310-cp310-musllinux_1_1_aarch64.whl", hash = "sha256:fe17d10b97fdf58155f858606bddb4e037b805a60ae023c009f760d8361a4eb8", size = 7380952 },
    { url = "https://files.pythonhosted.org/packages/a7/52/e72cbbbf43845313b9adfa7820aa75898b3832bd6bacc3bdb18dfdcbd8f8/lxml-4.9.1-cp310-cp310-musllinux_1_1_x86_64.whl", hash = "sha256:8caf4d16b31961e964c62194ea3e26a0e9561cdf72eecb1781458b67ec83423d", size = 7582021 },
    { url = "https://files.pythonhosted.org/packages/74/01/8087d5bf44c48d48fef50ea8097c4261ed61ce41a74521735890df9b4abc/lxml-4.9.1-cp310-cp310-win32.whl", hash = "sha256:4780677767dd52b99f0af1f123bc2c22873d30b474aa0e2fc3fe5e02217687c7", size = 3273466 },
    { url = "https://files.pythonhosted.org/packages/b9/bb/00637cce419a958a8254ee4371b15446fd5cd41d8f53513aed52a1fbbe20/lxml-4.9.1-cp310-cp310-win_amd64.whl", hash = "sha256:b122a188cd292c4d2fcd78d04f863b789ef43aa129b233d7c9004de08693728b", size = 3589766 },
    { url = "https://files.pythonhosted.org/packages/2c/54/224c8c8efd36cbf292ee678161e75be34fb547a43ff6c7c5ae6d49a125fa/lxml-4.9.1-cp311-cp311-manylinux_2_12_i686.manylinux2010_i686.manylinux_2_24_i686.whl", hash = "sha256:be9eb06489bc975c38706902cbc6888f39e946b81383abc2838d186f0e8b6a9d", size = 7046509 },
    { url = "https://files.pythonhosted.org/packages/d1/71/c865c165583aff2d2806e2bce886d580aa513bb0e5d5d3a5aec7fc57d40c/lxml-4.9.1-cp311-cp311-manylinux_2_17_x86_64.manylinux2014_x86_64.manylinux_2_24_x86_64.whl", hash = "sha256:f1be258c4d3dc609e654a1dc59d37b17d7fef05df912c01fc2e15eb43a9735f3", size = 6972204 },
    { url = "https://files.pythonhosted.org/packages/51/3a/372f8bc6e6a16dea6c63bd89b471864322816b522ccd1e5dc077ff07750b/lxml-4.9.1-cp311-cp311-musllinux_1_1_x86_64.whl", hash = "sha256:927a9dd016d6033bc12e0bf5dee1dde140235fc8d0d51099353c76081c03dc29", size = 7588387 },
]

[[package]]
name = "requests"
version = "2.28.1"
source = { registry = "https://pypi.org/simple" }
dependencies = [
    { name = "certifi" },
    { name = "charset-normalizer" },
    { name = "idna" },
    { name = "urllib3" },
]
sdist = { url = "https://files.pythonhosted.org/packages/a5/61/a867851fd5ab77277495a8709ddda0861b28163c4613b011bc00228cc724/requests-2.28.1.tar.gz", hash = "sha256:7c5599b102feddaa661c826c56ab4fee28bfd17f5abca1ebbe3e7f19d7c97983", size = 109805 }
wheels = [
    { url = "https://files.pythonhosted.org/packages/ca/91/6d9b8ccacd0412c08820f72cebaa4f0c0441b5cda699c90f618b6f8a1b42/requests-2.28.1-py3-none-any.whl", hash = "sha256:8fefa2a1a1365bf5520aac41836fbee479da67864514bdb821f31ce07ce65349", size = 62843 },
]

[[package]]
name = "soupsieve"
version = "2.3.2.post1"
source = { registry = "https://pypi.org/simple" }
sdist = { url = "https://files.pythonhosted.org/packages/f3/03/bac179d539362319b4779a00764e95f7542f4920084163db6b0fd4742d38/soupsieve-2.3.2.post1.tar.gz", hash = "sha256:fc53893b3da2c33de295667a0e19f078c14bf86544af307354de5fcf12a3f30d", size = 102814 }
wheels = [
    { url = "https://files.pythonhosted.org/packages/16/e3/4ad79882b92617e3a4a0df1960d6bce08edfb637737ac5c3f3ba29022e25/soupsieve-2.3.2.post1-py3-none-any.whl", hash = "sha256:3b2503d3c7084a42b1ebd08116e5f81aadfaea95863628c80a3b774a11b7c759", size = 37377 },
]

[[package]]
name = "urllib3"
version = "1.26.12"
source = { registry = "https://pypi.org/simple" }
sdist = { url = "https://files.pythonhosted.org/packages/b2/56/d87d6d3c4121c0bcec116919350ca05dc3afd2eeb7dc88d07e8083f8ea94/urllib3-1.26.12.tar.gz", hash = "sha256:3fa96cf423e6987997fc326ae8df396db2a8b7c667747d47ddd8ecba91f4a74e", size = 299806 }
wheels = [
    { url = "https://files.pythonhosted.org/packages/6f/de/5be2e3eed8426f871b170663333a0f627fc2924cc386cd41be065e7ea870/urllib3-1.26.12-py2.py3-none-any.whl", hash = "sha256:b930dd878d5a8afb066a637fbb35144fe7901e3b209d1cd4f524bd0e9deee997", size = 140381 },
]

[[package]]
name = "weatherscraper"
version = "0.1.0"
source = { virtual = "." }
dependencies = [
    { name = "beautifulsoup4" },
    { name = "certifi" },
    { name = "charset-normalizer" },
    { name = "idna" },
    { name = "lxml" },
    { name = "requests" },
    { name = "soupsieve" },
    { name = "urllib3" },
]

[package.metadata]
requires-dist = [
    { name = "beautifulsoup4", specifier = "==4.11.1" },
    { name = "certifi", specifier = "==2022.9.24" },
    { name = "charset-normalizer", specifier = "==2.1.1" },
    { name = "idna", specifier = "==3.4" },
    { name = "lxml", specifier = "==4.9.1" },
    { name = "requests", specifier = "==2.28.1" },
    { name = "soupsieve", specifier = "==2.3.2.post1" },
    { name = "urllib3", specifier = "==1.26.12" },
]
